
Microsoft Visual Studio Solution File, Format Version 12.00
# Visual Studio Version 16
VisualStudioVersion = 16.0.31729.503
MinimumVisualStudioVersion = 10.0.40219.1
Project("{FAE04EC0-301F-11D3-BF4B-00C04F79EFBC}") = "Day8Assignment_EmpWage", "Day8Assignment_EmpWage\Day8Assignment_EmpWage.csproj", "{2B7D245E-9ACC-4867-8DED-283859127E2D}"
EndProject
Global
	GlobalSection(SolutionConfigurationPlatforms) = preSolution
		Debug|Any CPU = Debug|Any CPU
		Release|Any CPU = Release|Any CPU
	EndGlobalSection
	GlobalSection(ProjectConfigurationPlatforms) = postSolution
		{2B7D245E-9ACC-4867-8DED-283859127E2D}.Debug|Any CPU.ActiveCfg = Debug|Any CPU
		{2B7D245E-9ACC-4867-8DED-283859127E2D}.Debug|Any CPU.Build.0 = Debug|Any CPU
		{2B7D245E-9ACC-4867-8DED-283859127E2D}.Release|Any CPU.ActiveCfg = Release|Any CPU
		{2B7D245E-9ACC-4867-8DED-283859127E2D}.Release|Any CPU.Build.0 = Release|Any CPU
	EndGlobalSection
	GlobalSection(SolutionProperties) = preSolution
		HideSolutionNode = FALSE
	EndGlobalSection
	GlobalSection(ExtensibilityGlobals) = postSolution
		SolutionGuid = {4469F326-94FE-4342-A220-62A42C9CC611}
	EndGlobalSection
EndGlobal
