
Microsoft Visual Studio Solution File, Format Version 12.00
# Visual Studio Version 16
VisualStudioVersion = 16.0.31729.503
MinimumVisualStudioVersion = 10.0.40219.1
Project("{FAE04EC0-301F-11D3-BF4B-00C04F79EFBC}") = "TIicTacToeGame", "TIicTacToeGame\TIicTacToeGame.csproj", "{8294634B-DFEA-45F9-B273-CB30B3BF6830}"
EndProject
Global
	GlobalSection(SolutionConfigurationPlatforms) = preSolution
		Debug|Any CPU = Debug|Any CPU
		Release|Any CPU = Release|Any CPU
	EndGlobalSection
	GlobalSection(ProjectConfigurationPlatforms) = postSolution
		{8294634B-DFEA-45F9-B273-CB30B3BF6830}.Debug|Any CPU.ActiveCfg = Debug|Any CPU
		{8294634B-DFEA-45F9-B273-CB30B3BF6830}.Debug|Any CPU.Build.0 = Debug|Any CPU
		{8294634B-DFEA-45F9-B273-CB30B3BF6830}.Release|Any CPU.ActiveCfg = Release|Any CPU
		{8294634B-DFEA-45F9-B273-CB30B3BF6830}.Release|Any CPU.Build.0 = Release|Any CPU
	EndGlobalSection
	GlobalSection(SolutionProperties) = preSolution
		HideSolutionNode = FALSE
	EndGlobalSection
	GlobalSection(ExtensibilityGlobals) = postSolution
		SolutionGuid = {08373B1A-8E33-4C05-96BC-F6D719180CCE}
	EndGlobalSection
EndGlobal
