
Microsoft Visual Studio Solution File, Format Version 12.00
# Visual Studio Version 16
VisualStudioVersion = 16.0.31729.503
MinimumVisualStudioVersion = 10.0.40219.1
Project("{FAE04EC0-301F-11D3-BF4B-00C04F79EFBC}") = "LinkedListPractice", "LinkedList\LinkedListPractice.csproj", "{F7CB9391-6899-44BC-9F34-36F6FAC492E6}"
EndProject
Global
	GlobalSection(SolutionConfigurationPlatforms) = preSolution
		Debug|Any CPU = Debug|Any CPU
		Release|Any CPU = Release|Any CPU
	EndGlobalSection
	GlobalSection(ProjectConfigurationPlatforms) = postSolution
		{F7CB9391-6899-44BC-9F34-36F6FAC492E6}.Debug|Any CPU.ActiveCfg = Debug|Any CPU
		{F7CB9391-6899-44BC-9F34-36F6FAC492E6}.Debug|Any CPU.Build.0 = Debug|Any CPU
		{F7CB9391-6899-44BC-9F34-36F6FAC492E6}.Release|Any CPU.ActiveCfg = Release|Any CPU
		{F7CB9391-6899-44BC-9F34-36F6FAC492E6}.Release|Any CPU.Build.0 = Release|Any CPU
	EndGlobalSection
	GlobalSection(SolutionProperties) = preSolution
		HideSolutionNode = FALSE
	EndGlobalSection
	GlobalSection(ExtensibilityGlobals) = postSolution
		SolutionGuid = {4B476342-FFB5-4E0A-AB3A-C7ABCF57671E}
	EndGlobalSection
EndGlobal
