
Microsoft Visual Studio Solution File, Format Version 12.00
# Visual Studio Version 16
VisualStudioVersion = 16.0.31729.503
MinimumVisualStudioVersion = 10.0.40219.1
Project("{FAE04EC0-301F-11D3-BF4B-00C04F79EFBC}") = "PowerOf2", "PowerOf2\PowerOf2.csproj", "{E7B05D4B-09A8-4222-A6CA-1C5D396AD064}"
EndProject
Global
	GlobalSection(SolutionConfigurationPlatforms) = preSolution
		Debug|Any CPU = Debug|Any CPU
		Release|Any CPU = Release|Any CPU
	EndGlobalSection
	GlobalSection(ProjectConfigurationPlatforms) = postSolution
		{E7B05D4B-09A8-4222-A6CA-1C5D396AD064}.Debug|Any CPU.ActiveCfg = Debug|Any CPU
		{E7B05D4B-09A8-4222-A6CA-1C5D396AD064}.Debug|Any CPU.Build.0 = Debug|Any CPU
		{E7B05D4B-09A8-4222-A6CA-1C5D396AD064}.Release|Any CPU.ActiveCfg = Release|Any CPU
		{E7B05D4B-09A8-4222-A6CA-1C5D396AD064}.Release|Any CPU.Build.0 = Release|Any CPU
	EndGlobalSection
	GlobalSection(SolutionProperties) = preSolution
		HideSolutionNode = FALSE
	EndGlobalSection
	GlobalSection(ExtensibilityGlobals) = postSolution
		SolutionGuid = {598156C4-B77B-48AD-B04F-0DF0D1A83FFB}
	EndGlobalSection
EndGlobal
