
Microsoft Visual Studio Solution File, Format Version 12.00
# Visual Studio Version 16
VisualStudioVersion = 16.0.31729.503
MinimumVisualStudioVersion = 10.0.40219.1
Project("{FAE04EC0-301F-11D3-BF4B-00C04F79EFBC}") = "leapYear", "leapYear\leapYear.csproj", "{B2CC9AF4-950B-44C6-9D4A-D89EE2F44093}"
EndProject
Global
	GlobalSection(SolutionConfigurationPlatforms) = preSolution
		Debug|Any CPU = Debug|Any CPU
		Release|Any CPU = Release|Any CPU
	EndGlobalSection
	GlobalSection(ProjectConfigurationPlatforms) = postSolution
		{B2CC9AF4-950B-44C6-9D4A-D89EE2F44093}.Debug|Any CPU.ActiveCfg = Debug|Any CPU
		{B2CC9AF4-950B-44C6-9D4A-D89EE2F44093}.Debug|Any CPU.Build.0 = Debug|Any CPU
		{B2CC9AF4-950B-44C6-9D4A-D89EE2F44093}.Release|Any CPU.ActiveCfg = Release|Any CPU
		{B2CC9AF4-950B-44C6-9D4A-D89EE2F44093}.Release|Any CPU.Build.0 = Release|Any CPU
	EndGlobalSection
	GlobalSection(SolutionProperties) = preSolution
		HideSolutionNode = FALSE
	EndGlobalSection
	GlobalSection(ExtensibilityGlobals) = postSolution
		SolutionGuid = {65DBD886-4DB6-4BA8-B022-5F8DB895EFCA}
	EndGlobalSection
EndGlobal
