
Microsoft Visual Studio Solution File, Format Version 12.00
# Visual Studio Version 16
VisualStudioVersion = 16.0.31729.503
MinimumVisualStudioVersion = 10.0.40219.1
Project("{FAE04EC0-301F-11D3-BF4B-00C04F79EFBC}") = "LinkedList2", "LinkedList2\LinkedList2.csproj", "{60E3FFEC-52D2-41E3-8198-852A2FFEE35F}"
EndProject
Global
	GlobalSection(SolutionConfigurationPlatforms) = preSolution
		Debug|Any CPU = Debug|Any CPU
		Release|Any CPU = Release|Any CPU
	EndGlobalSection
	GlobalSection(ProjectConfigurationPlatforms) = postSolution
		{60E3FFEC-52D2-41E3-8198-852A2FFEE35F}.Debug|Any CPU.ActiveCfg = Debug|Any CPU
		{60E3FFEC-52D2-41E3-8198-852A2FFEE35F}.Debug|Any CPU.Build.0 = Debug|Any CPU
		{60E3FFEC-52D2-41E3-8198-852A2FFEE35F}.Release|Any CPU.ActiveCfg = Release|Any CPU
		{60E3FFEC-52D2-41E3-8198-852A2FFEE35F}.Release|Any CPU.Build.0 = Release|Any CPU
	EndGlobalSection
	GlobalSection(SolutionProperties) = preSolution
		HideSolutionNode = FALSE
	EndGlobalSection
	GlobalSection(ExtensibilityGlobals) = postSolution
		SolutionGuid = {29523809-9E0D-484F-AC67-B0F5E3DB3287}
	EndGlobalSection
EndGlobal
