
Microsoft Visual Studio Solution File, Format Version 12.00
# Visual Studio Version 16
VisualStudioVersion = 16.0.31729.503
MinimumVisualStudioVersion = 10.0.40219.1
Project("{FAE04EC0-301F-11D3-BF4B-00C04F79EFBC}") = "reminder", "reminder\reminder.csproj", "{32DDD531-D940-4FD5-801C-FEF81A6840B2}"
EndProject
Global
	GlobalSection(SolutionConfigurationPlatforms) = preSolution
		Debug|Any CPU = Debug|Any CPU
		Release|Any CPU = Release|Any CPU
	EndGlobalSection
	GlobalSection(ProjectConfigurationPlatforms) = postSolution
		{32DDD531-D940-4FD5-801C-FEF81A6840B2}.Debug|Any CPU.ActiveCfg = Debug|Any CPU
		{32DDD531-D940-4FD5-801C-FEF81A6840B2}.Debug|Any CPU.Build.0 = Debug|Any CPU
		{32DDD531-D940-4FD5-801C-FEF81A6840B2}.Release|Any CPU.ActiveCfg = Release|Any CPU
		{32DDD531-D940-4FD5-801C-FEF81A6840B2}.Release|Any CPU.Build.0 = Release|Any CPU
	EndGlobalSection
	GlobalSection(SolutionProperties) = preSolution
		HideSolutionNode = FALSE
	EndGlobalSection
	GlobalSection(ExtensibilityGlobals) = postSolution
		SolutionGuid = {1314432E-5264-4D68-8565-5E7CE6408290}
	EndGlobalSection
EndGlobal
